
Microsoft Visual Studio Solution File, Format Version 12.00
# Visual Studio Version 17
VisualStudioVersion = 17.3.32819.101
MinimumVisualStudioVersion = 10.0.40219.1
Project("{FAE04EC0-301F-11D3-BF4B-00C04F79EFBC}") = "myWebApp", "myWebApp\myWebApp.csproj", "{481B36E7-786A-4246-9B13-3BE1A3A3E3F7}"
EndProject
Global
	GlobalSection(SolutionConfigurationPlatforms) = preSolution
		Debug|Any CPU = Debug|Any CPU
		Release|Any CPU = Release|Any CPU
	EndGlobalSection
	GlobalSection(ProjectConfigurationPlatforms) = postSolution
		{481B36E7-786A-4246-9B13-3BE1A3A3E3F7}.Debug|Any CPU.ActiveCfg = Debug|Any CPU
		{481B36E7-786A-4246-9B13-3BE1A3A3E3F7}.Debug|Any CPU.Build.0 = Debug|Any CPU
		{481B36E7-786A-4246-9B13-3BE1A3A3E3F7}.Release|Any CPU.ActiveCfg = Release|Any CPU
		{481B36E7-786A-4246-9B13-3BE1A3A3E3F7}.Release|Any CPU.Build.0 = Release|Any CPU
	EndGlobalSection
	GlobalSection(SolutionProperties) = preSolution
		HideSolutionNode = FALSE
	EndGlobalSection
	GlobalSection(ExtensibilityGlobals) = postSolution
		SolutionGuid = {EB37BC2F-919C-464C-B1B6-46ED5585E243}
	EndGlobalSection
EndGlobal
